
Microsoft Visual Studio Solution File, Format Version 12.00
# Visual Studio 15
VisualStudioVersion = 15.0.26124.0
MinimumVisualStudioVersion = 15.0.26124.0
Project("{FAE04EC0-301F-11D3-BF4B-00C04F79EFBC}") = "Domain", "Domain\Domain.csproj", "{98F2E60F-E7E3-4DF7-A2FB-E96913CF6A09}"
EndProject
Project("{FAE04EC0-301F-11D3-BF4B-00C04F79EFBC}") = "Test", "Test\Test.csproj", "{26EFE3C7-9661-4795-8008-2B86AF40A4CB}"
EndProject
Project("{FAE04EC0-301F-11D3-BF4B-00C04F79EFBC}") = "InMemoryInfrastructure", "InMemoryInfrastructure\InMemoryInfrastructure.csproj", "{7728F3E6-12E6-43C3-9909-FF1B2DEC4356}"
EndProject
Project("{FAE04EC0-301F-11D3-BF4B-00C04F79EFBC}") = "aws-csharp", "Lambda\aws-csharp.csproj", "{92E465C0-B4A4-49C4-B50C-6EF65ECA21C4}"
EndProject
Project("{FAE04EC0-301F-11D3-BF4B-00C04F79EFBC}") = "S3Infrastructure", "S3Infrastructure\S3Infrastructure.csproj", "{904AB19D-6B59-46B9-ACBC-C750BC219F31}"
EndProject
Global
	GlobalSection(SolutionProperties) = preSolution
		HideSolutionNode = FALSE
	EndGlobalSection
	GlobalSection(SolutionConfigurationPlatforms) = preSolution
		Debug|Any CPU = Debug|Any CPU
		Debug|x64 = Debug|x64
		Debug|x86 = Debug|x86
		Release|Any CPU = Release|Any CPU
		Release|x64 = Release|x64
		Release|x86 = Release|x86
	EndGlobalSection
	GlobalSection(ProjectConfigurationPlatforms) = postSolution
		{98F2E60F-E7E3-4DF7-A2FB-E96913CF6A09}.Debug|Any CPU.ActiveCfg = Debug|Any CPU
		{98F2E60F-E7E3-4DF7-A2FB-E96913CF6A09}.Debug|Any CPU.Build.0 = Debug|Any CPU
		{98F2E60F-E7E3-4DF7-A2FB-E96913CF6A09}.Debug|x64.ActiveCfg = Debug|Any CPU
		{98F2E60F-E7E3-4DF7-A2FB-E96913CF6A09}.Debug|x64.Build.0 = Debug|Any CPU
		{98F2E60F-E7E3-4DF7-A2FB-E96913CF6A09}.Debug|x86.ActiveCfg = Debug|Any CPU
		{98F2E60F-E7E3-4DF7-A2FB-E96913CF6A09}.Debug|x86.Build.0 = Debug|Any CPU
		{98F2E60F-E7E3-4DF7-A2FB-E96913CF6A09}.Release|Any CPU.ActiveCfg = Release|Any CPU
		{98F2E60F-E7E3-4DF7-A2FB-E96913CF6A09}.Release|Any CPU.Build.0 = Release|Any CPU
		{98F2E60F-E7E3-4DF7-A2FB-E96913CF6A09}.Release|x64.ActiveCfg = Release|Any CPU
		{98F2E60F-E7E3-4DF7-A2FB-E96913CF6A09}.Release|x64.Build.0 = Release|Any CPU
		{98F2E60F-E7E3-4DF7-A2FB-E96913CF6A09}.Release|x86.ActiveCfg = Release|Any CPU
		{98F2E60F-E7E3-4DF7-A2FB-E96913CF6A09}.Release|x86.Build.0 = Release|Any CPU
		{26EFE3C7-9661-4795-8008-2B86AF40A4CB}.Debug|Any CPU.ActiveCfg = Debug|Any CPU
		{26EFE3C7-9661-4795-8008-2B86AF40A4CB}.Debug|Any CPU.Build.0 = Debug|Any CPU
		{26EFE3C7-9661-4795-8008-2B86AF40A4CB}.Debug|x64.ActiveCfg = Debug|Any CPU
		{26EFE3C7-9661-4795-8008-2B86AF40A4CB}.Debug|x64.Build.0 = Debug|Any CPU
		{26EFE3C7-9661-4795-8008-2B86AF40A4CB}.Debug|x86.ActiveCfg = Debug|Any CPU
		{26EFE3C7-9661-4795-8008-2B86AF40A4CB}.Debug|x86.Build.0 = Debug|Any CPU
		{26EFE3C7-9661-4795-8008-2B86AF40A4CB}.Release|Any CPU.ActiveCfg = Release|Any CPU
		{26EFE3C7-9661-4795-8008-2B86AF40A4CB}.Release|Any CPU.Build.0 = Release|Any CPU
		{26EFE3C7-9661-4795-8008-2B86AF40A4CB}.Release|x64.ActiveCfg = Release|Any CPU
		{26EFE3C7-9661-4795-8008-2B86AF40A4CB}.Release|x64.Build.0 = Release|Any CPU
		{26EFE3C7-9661-4795-8008-2B86AF40A4CB}.Release|x86.ActiveCfg = Release|Any CPU
		{26EFE3C7-9661-4795-8008-2B86AF40A4CB}.Release|x86.Build.0 = Release|Any CPU
		{7728F3E6-12E6-43C3-9909-FF1B2DEC4356}.Debug|Any CPU.ActiveCfg = Debug|Any CPU
		{7728F3E6-12E6-43C3-9909-FF1B2DEC4356}.Debug|Any CPU.Build.0 = Debug|Any CPU
		{7728F3E6-12E6-43C3-9909-FF1B2DEC4356}.Debug|x64.ActiveCfg = Debug|Any CPU
		{7728F3E6-12E6-43C3-9909-FF1B2DEC4356}.Debug|x64.Build.0 = Debug|Any CPU
		{7728F3E6-12E6-43C3-9909-FF1B2DEC4356}.Debug|x86.ActiveCfg = Debug|Any CPU
		{7728F3E6-12E6-43C3-9909-FF1B2DEC4356}.Debug|x86.Build.0 = Debug|Any CPU
		{7728F3E6-12E6-43C3-9909-FF1B2DEC4356}.Release|Any CPU.ActiveCfg = Release|Any CPU
		{7728F3E6-12E6-43C3-9909-FF1B2DEC4356}.Release|Any CPU.Build.0 = Release|Any CPU
		{7728F3E6-12E6-43C3-9909-FF1B2DEC4356}.Release|x64.ActiveCfg = Release|Any CPU
		{7728F3E6-12E6-43C3-9909-FF1B2DEC4356}.Release|x64.Build.0 = Release|Any CPU
		{7728F3E6-12E6-43C3-9909-FF1B2DEC4356}.Release|x86.ActiveCfg = Release|Any CPU
		{7728F3E6-12E6-43C3-9909-FF1B2DEC4356}.Release|x86.Build.0 = Release|Any CPU
		{92E465C0-B4A4-49C4-B50C-6EF65ECA21C4}.Debug|Any CPU.ActiveCfg = Debug|Any CPU
		{92E465C0-B4A4-49C4-B50C-6EF65ECA21C4}.Debug|Any CPU.Build.0 = Debug|Any CPU
		{92E465C0-B4A4-49C4-B50C-6EF65ECA21C4}.Debug|x64.ActiveCfg = Debug|Any CPU
		{92E465C0-B4A4-49C4-B50C-6EF65ECA21C4}.Debug|x64.Build.0 = Debug|Any CPU
		{92E465C0-B4A4-49C4-B50C-6EF65ECA21C4}.Debug|x86.ActiveCfg = Debug|Any CPU
		{92E465C0-B4A4-49C4-B50C-6EF65ECA21C4}.Debug|x86.Build.0 = Debug|Any CPU
		{92E465C0-B4A4-49C4-B50C-6EF65ECA21C4}.Release|Any CPU.ActiveCfg = Release|Any CPU
		{92E465C0-B4A4-49C4-B50C-6EF65ECA21C4}.Release|Any CPU.Build.0 = Release|Any CPU
		{92E465C0-B4A4-49C4-B50C-6EF65ECA21C4}.Release|x64.ActiveCfg = Release|Any CPU
		{92E465C0-B4A4-49C4-B50C-6EF65ECA21C4}.Release|x64.Build.0 = Release|Any CPU
		{92E465C0-B4A4-49C4-B50C-6EF65ECA21C4}.Release|x86.ActiveCfg = Release|Any CPU
		{92E465C0-B4A4-49C4-B50C-6EF65ECA21C4}.Release|x86.Build.0 = Release|Any CPU
		{904AB19D-6B59-46B9-ACBC-C750BC219F31}.Debug|Any CPU.ActiveCfg = Debug|Any CPU
		{904AB19D-6B59-46B9-ACBC-C750BC219F31}.Debug|Any CPU.Build.0 = Debug|Any CPU
		{904AB19D-6B59-46B9-ACBC-C750BC219F31}.Debug|x64.ActiveCfg = Debug|Any CPU
		{904AB19D-6B59-46B9-ACBC-C750BC219F31}.Debug|x64.Build.0 = Debug|Any CPU
		{904AB19D-6B59-46B9-ACBC-C750BC219F31}.Debug|x86.ActiveCfg = Debug|Any CPU
		{904AB19D-6B59-46B9-ACBC-C750BC219F31}.Debug|x86.Build.0 = Debug|Any CPU
		{904AB19D-6B59-46B9-ACBC-C750BC219F31}.Release|Any CPU.ActiveCfg = Release|Any CPU
		{904AB19D-6B59-46B9-ACBC-C750BC219F31}.Release|Any CPU.Build.0 = Release|Any CPU
		{904AB19D-6B59-46B9-ACBC-C750BC219F31}.Release|x64.ActiveCfg = Release|Any CPU
		{904AB19D-6B59-46B9-ACBC-C750BC219F31}.Release|x64.Build.0 = Release|Any CPU
		{904AB19D-6B59-46B9-ACBC-C750BC219F31}.Release|x86.ActiveCfg = Release|Any CPU
		{904AB19D-6B59-46B9-ACBC-C750BC219F31}.Release|x86.Build.0 = Release|Any CPU
	EndGlobalSection
EndGlobal
